
Microsoft Visual Studio Solution File, Format Version 12.00
# Visual Studio Version 17
VisualStudioVersion = 17.4.33213.308
MinimumVisualStudioVersion = 10.0.40219.1
Project("{FAE04EC0-301F-11D3-BF4B-00C04F79EFBC}") = "PleasantRustle", "PleasantRustle.csproj", "{D013DD39-1B76-40D6-B9FA-4346976CC50D}"
EndProject
Project("{FAE04EC0-301F-11D3-BF4B-00C04F79EFBC}") = "WSUniversalLib", "WSUniversalLib\WSUniversalLib.csproj", "{6431C387-017A-4503-9778-44A465C3B3C4}"
EndProject
Project("{FAE04EC0-301F-11D3-BF4B-00C04F79EFBC}") = "Database", "Database\Database.csproj", "{4B4C6844-DD26-4409-B82A-E0F5EAF8FE19}"
EndProject
Global
	GlobalSection(SolutionConfigurationPlatforms) = preSolution
		Debug|Any CPU = Debug|Any CPU
		Release|Any CPU = Release|Any CPU
	EndGlobalSection
	GlobalSection(ProjectConfigurationPlatforms) = postSolution
		{D013DD39-1B76-40D6-B9FA-4346976CC50D}.Debug|Any CPU.ActiveCfg = Debug|Any CPU
		{D013DD39-1B76-40D6-B9FA-4346976CC50D}.Debug|Any CPU.Build.0 = Debug|Any CPU
		{D013DD39-1B76-40D6-B9FA-4346976CC50D}.Release|Any CPU.ActiveCfg = Release|Any CPU
		{D013DD39-1B76-40D6-B9FA-4346976CC50D}.Release|Any CPU.Build.0 = Release|Any CPU
		{6431C387-017A-4503-9778-44A465C3B3C4}.Debug|Any CPU.ActiveCfg = Debug|Any CPU
		{6431C387-017A-4503-9778-44A465C3B3C4}.Debug|Any CPU.Build.0 = Debug|Any CPU
		{6431C387-017A-4503-9778-44A465C3B3C4}.Release|Any CPU.ActiveCfg = Release|Any CPU
		{6431C387-017A-4503-9778-44A465C3B3C4}.Release|Any CPU.Build.0 = Release|Any CPU
		{4B4C6844-DD26-4409-B82A-E0F5EAF8FE19}.Debug|Any CPU.ActiveCfg = Debug|Any CPU
		{4B4C6844-DD26-4409-B82A-E0F5EAF8FE19}.Debug|Any CPU.Build.0 = Debug|Any CPU
		{4B4C6844-DD26-4409-B82A-E0F5EAF8FE19}.Release|Any CPU.ActiveCfg = Release|Any CPU
		{4B4C6844-DD26-4409-B82A-E0F5EAF8FE19}.Release|Any CPU.Build.0 = Release|Any CPU
	EndGlobalSection
	GlobalSection(SolutionProperties) = preSolution
		HideSolutionNode = FALSE
	EndGlobalSection
	GlobalSection(ExtensibilityGlobals) = postSolution
		SolutionGuid = {32F1E2AD-3E38-4CF3-8B4C-1C2CC2617ADF}
	EndGlobalSection
EndGlobal
